<?xml version="1.0" encoding="utf-8"?>
<Project ToolsVersion="4.0" xmlns="http://schemas.microsoft.com/developer/msbuild/2003">
  <ItemGroup>
    <Filter Include="Header Files">
      <UniqueIdentifier>{b9b1072b-bf7e-47a8-9d81-a12011fd1114}</UniqueIdentifier>
    </Filter>
    <Filter Include="Source Files">
      <UniqueIdentifier>{4a70e380-10cd-40fe-8fa3-75c5d2feb225}</UniqueIdentifier>
    </Filter>
    <Filter Include="Tests">
      <UniqueIdentifier>{fb646b90-a2b6-4cbd-b07e-f2ed594311ad}</UniqueIdentifier>
    </Filter>
    <Filter Include="Header Files\MemoryManager">
      <UniqueIdentifier>{b3f6edf1-3e6f-4aa3-888b-9dcb3f23d714}</UniqueIdentifier>
    </Filter>
    <Filter Include="Header Files\CellularAutomata">
      <UniqueIdentifier>{1e34068d-8595-4570-9a87-bd9d208ac4f7}</UniqueIdentifier>
    </Filter>
    <Filter Include="Header Files\Rule">
      <UniqueIdentifier>{44e15933-b4e9-42b5-82d6-b6b1e809e414}</UniqueIdentifier>
    </Filter>
    <Filter Include="Source Files\CellularAutomata">
      <UniqueIdentifier>{0726421c-7382-4372-8318-f46880da9790}</UniqueIdentifier>
    </Filter>
    <Filter Include="Source Files\Rule">
      <UniqueIdentifier>{4ba5dbeb-9490-4068-8a11-864e0096d493}</UniqueIdentifier>
    </Filter>
  </ItemGroup>
  <ItemGroup>
    <Text Include="short_initial_ca.txt" />
    <Text Include="in_rule.txt" />
    <Text Include="initial_ca.txt" />
    <Text Include="testRule.txt">
      <Filter>Tests</Filter>
    </Text>
    <Text Include="testCA1D.txt">
      <Filter>Tests</Filter>
    </Text>
  </ItemGroup>
  <ItemGroup>
    <CudaCompile Include="main.cpp">
      <Filter>Source Files</Filter>
    </CudaCompile>
    <CudaCompile Include="Rule.cu">
      <Filter>Source Files</Filter>
    </CudaCompile>
    <CudaCompile Include="CellularAutomata1Dcuda.cu">
      <Filter>Source Files\CellularAutomata</Filter>
    </CudaCompile>
  </ItemGroup>
  <ItemGroup>
    <ClInclude Include="CellularAutomata.h">
      <Filter>Header Files\CellularAutomata</Filter>
    </ClInclude>
    <ClInclude Include="CellularAutomata1D.h">
      <Filter>Header Files\CellularAutomata</Filter>
    </ClInclude>
    <ClInclude Include="MemoryManager.h">
      <Filter>Header Files\MemoryManager</Filter>
    </ClInclude>
    <ClInclude Include="Rule.h">
      <Filter>Header Files\Rule</Filter>
    </ClInclude>
  </ItemGroup>
  <ItemGroup>
    <ClCompile Include="CellularAutomata1D.cpp">
      <Filter>Source Files\CellularAutomata</Filter>
    </ClCompile>
    <ClCompile Include="Rule.cpp">
      <Filter>Source Files\Rule</Filter>
    </ClCompile>
  </ItemGroup>
</Project>