<?xml version="1.0" encoding="utf-8"?>
<Project ToolsVersion="4.0" xmlns="http://schemas.microsoft.com/developer/msbuild/2003">
  <ItemGroup>
    <Filter Include="Header Files">
      <UniqueIdentifier>{b9b1072b-bf7e-47a8-9d81-a12011fd1114}</UniqueIdentifier>
    </Filter>
    <Filter Include="Source Files">
      <UniqueIdentifier>{4a70e380-10cd-40fe-8fa3-75c5d2feb225}</UniqueIdentifier>
    </Filter>
    <Filter Include="Tests">
      <UniqueIdentifier>{fb646b90-a2b6-4cbd-b07e-f2ed594311ad}</UniqueIdentifier>
    </Filter>
  </ItemGroup>
  <ItemGroup>
    <Text Include="short_initial_ca.txt" />
    <Text Include="in_rule.txt" />
    <Text Include="initial_ca.txt" />
    <Text Include="testRule.txt">
      <Filter>Tests</Filter>
    </Text>
  </ItemGroup>
  <ItemGroup>
    <CudaCompile Include="kernel.cu">
      <Filter>Source Files</Filter>
    </CudaCompile>
  </ItemGroup>
  <ItemGroup>
    <ClInclude Include="CellularAutomata.h">
      <Filter>Header Files</Filter>
    </ClInclude>
    <ClInclude Include="CellularAutomata1D.h">
      <Filter>Header Files</Filter>
    </ClInclude>
    <ClInclude Include="Rule.h">
      <Filter>Header Files</Filter>
    </ClInclude>
  </ItemGroup>
  <ItemGroup>
    <ClCompile Include="CellularAutomata1D.cpp">
      <Filter>Source Files</Filter>
    </ClCompile>
    <ClCompile Include="Rule.cpp">
      <Filter>Source Files</Filter>
    </ClCompile>
  </ItemGroup>
</Project>